<?xml version="1.0" encoding="utf-8"?>
<Project ToolsVersion="4.0" xmlns="http://schemas.microsoft.com/developer/msbuild/2003">
  <ItemGroup>
    <Filter Include="Src">
      <UniqueIdentifier>{4FC737F1-C7A5-4376-A066-2A32D752A2FF}</UniqueIdentifier>
      <Extensions>cpp;c;cc;cxx;def;odl;idl;hpj;bat;asm;asmx</Extensions>
    </Filter>
    <Filter Include="Res">
      <UniqueIdentifier>{67DA6AB6-F800-4c08-8B7A-83BB121AAD01}</UniqueIdentifier>
      <Extensions>rc;ico;cur;bmp;dlg;rc2;rct;bin;rgs;gif;jpg;jpeg;jpe;resx;tiff;tif;png;wav;mfcribbon-ms</Extensions>
    </Filter>
    <Filter Include="Src\Audio">
      <UniqueIdentifier>{19afbca5-c9d2-4cb5-b0a9-08ce2c5b5362}</UniqueIdentifier>
    </Filter>
    <Filter Include="Src\Scene">
      <UniqueIdentifier>{6bc91409-1fdc-4f16-8bb5-31906f91f34e}</UniqueIdentifier>
    </Filter>
    <Filter Include="Src\Json">
      <UniqueIdentifier>{65913f15-06fa-46e5-8d90-c8c395f0e801}</UniqueIdentifier>
    </Filter>
  </ItemGroup>
  <ItemGroup>
    <ClCompile Include="Src\Main.cpp">
      <Filter>Src</Filter>
    </ClCompile>
    <ClCompile Include="Src\Scene.cpp">
      <Filter>Src</Filter>
    </ClCompile>
    <ClCompile Include="Src\GLFWEW.cpp">
      <Filter>Src</Filter>
    </ClCompile>
    <ClCompile Include="Src\BufferObject.cpp">
      <Filter>Src</Filter>
    </ClCompile>
    <ClCompile Include="Src\Texture.cpp">
      <Filter>Src</Filter>
    </ClCompile>
    <ClCompile Include="Src\Shader.cpp">
      <Filter>Src</Filter>
    </ClCompile>
    <ClCompile Include="Src\Sprite.cpp">
      <Filter>Src</Filter>
    </ClCompile>
    <ClCompile Include="Src\Font.cpp">
      <Filter>Src</Filter>
    </ClCompile>
    <ClCompile Include="Src\Mesh.cpp">
      <Filter>Src</Filter>
    </ClCompile>
    <ClCompile Include="Src\Terrain.cpp">
      <Filter>Src</Filter>
    </ClCompile>
    <ClCompile Include="Src\Actor.cpp">
      <Filter>Src</Filter>
    </ClCompile>
    <ClCompile Include="Src\Collision.cpp">
      <Filter>Src</Filter>
    </ClCompile>
    <ClCompile Include="Src\PlayerActor.cpp">
      <Filter>Src</Filter>
    </ClCompile>
    <ClCompile Include="Src\SkeletalMesh.cpp">
      <Filter>Src</Filter>
    </ClCompile>
    <ClCompile Include="Src\SkeletalMeshActor.cpp">
      <Filter>Src</Filter>
    </ClCompile>
    <ClCompile Include="Src\UniformBuffer.cpp">
      <Filter>Src</Filter>
    </ClCompile>
    <ClCompile Include="Src\Audio\Audio.cpp">
      <Filter>Src\Audio</Filter>
    </ClCompile>
    <ClCompile Include="Src\Scene\GameOverScene.cpp">
      <Filter>Src\Scene</Filter>
    </ClCompile>
    <ClCompile Include="Src\Scene\MainGameScene.cpp">
      <Filter>Src\Scene</Filter>
    </ClCompile>
    <ClCompile Include="Src\Scene\StatusScene.cpp">
      <Filter>Src\Scene</Filter>
    </ClCompile>
    <ClCompile Include="Src\Scene\TitleScene.cpp">
      <Filter>Src\Scene</Filter>
    </ClCompile>
    <ClCompile Include="Src\Json\json11.cpp">
      <Filter>Src\Json</Filter>
    </ClCompile>
    <ClCompile Include="Src\JizoActor.cpp">
      <Filter>Src</Filter>
    </ClCompile>
    <ClCompile Include="Src\Light.cpp">
      <Filter>Src</Filter>
    </ClCompile>
    <ClCompile Include="Src\Scene\GameClearScene.cpp">
      <Filter>Src\Scene</Filter>
    </ClCompile>
  </ItemGroup>
  <ItemGroup>
    <ClInclude Include="Src\Scene.h">
      <Filter>Src</Filter>
    </ClInclude>
    <ClInclude Include="Src\GamePad.h">
      <Filter>Src</Filter>
    </ClInclude>
    <ClInclude Include="Src\GLFWEW.h">
      <Filter>Src</Filter>
    </ClInclude>
    <ClInclude Include="Src\BufferObject.h">
      <Filter>Src</Filter>
    </ClInclude>
    <ClInclude Include="Src\Texture.h">
      <Filter>Src</Filter>
    </ClInclude>
    <ClInclude Include="Src\Geometry.h">
      <Filter>Src</Filter>
    </ClInclude>
    <ClInclude Include="Src\Shader.h">
      <Filter>Src</Filter>
    </ClInclude>
    <ClInclude Include="Src\Sprite.h">
      <Filter>Src</Filter>
    </ClInclude>
    <ClInclude Include="Src\Font.h">
      <Filter>Src</Filter>
    </ClInclude>
    <ClInclude Include="Src\Mesh.h">
      <Filter>Src</Filter>
    </ClInclude>
    <ClInclude Include="Src\Terrain.h">
      <Filter>Src</Filter>
    </ClInclude>
    <ClInclude Include="Src\Actor.h">
      <Filter>Src</Filter>
    </ClInclude>
    <ClInclude Include="Src\Collision.h">
      <Filter>Src</Filter>
    </ClInclude>
    <ClInclude Include="Src\PlayerActor.h">
      <Filter>Src</Filter>
    </ClInclude>
    <ClInclude Include="Src\SkeletalMesh.h">
      <Filter>Src</Filter>
    </ClInclude>
    <ClInclude Include="Src\SkeletalMeshActor.h">
      <Filter>Src</Filter>
    </ClInclude>
    <ClInclude Include="Src\UniformBuffer.h">
      <Filter>Src</Filter>
    </ClInclude>
    <ClInclude Include="resource.h" />
    <ClInclude Include="Src\EnemyActor.h">
      <Filter>Src</Filter>
    </ClInclude>
    <ClInclude Include="Src\Audio\Audio.h">
      <Filter>Src\Audio</Filter>
    </ClInclude>
    <ClInclude Include="Src\Scene\GameOverScene.h">
      <Filter>Src\Scene</Filter>
    </ClInclude>
    <ClInclude Include="Src\Scene\MainGameScene.h">
      <Filter>Src\Scene</Filter>
    </ClInclude>
    <ClInclude Include="Src\Scene\StatusScene.h">
      <Filter>Src\Scene</Filter>
    </ClInclude>
    <ClInclude Include="Src\Scene\TitleScene.h">
      <Filter>Src\Scene</Filter>
    </ClInclude>
    <ClInclude Include="Src\Json\json11.hpp">
      <Filter>Src\Json</Filter>
    </ClInclude>
    <ClInclude Include="Src\JizoActor.h">
      <Filter>Src</Filter>
    </ClInclude>
    <ClInclude Include="Src\Light.h">
      <Filter>Src</Filter>
    </ClInclude>
    <ClInclude Include="Src\Scene\GameClearScene.h">
      <Filter>Src\Scene</Filter>
    </ClInclude>
  </ItemGroup>
  <ItemGroup>
    <None Include="packages.config" />
    <None Include="Res\Sprite.vert">
      <Filter>Res</Filter>
    </None>
    <None Include="Res\Sprite.frag">
      <Filter>Res</Filter>
    </None>
    <None Include="Res\StaticMesh.vert">
      <Filter>Res</Filter>
    </None>
    <None Include="Res\StaticMesh.frag">
      <Filter>Res</Filter>
    </None>
    <None Include="Res\Terrain.vert">
      <Filter>Res</Filter>
    </None>
    <None Include="Res\Terrain.frag">
      <Filter>Res</Filter>
    </None>
    <None Include="Res\Water.frag" />
  </ItemGroup>
  <ItemGroup>
    <ResourceCompile Include="OpenGL3D_2019.rc">
      <Filter>Res</Filter>
    </ResourceCompile>
  </ItemGroup>
</Project>